
Microsoft Visual Studio Solution File, Format Version 12.00
# Visual Studio Version 17
VisualStudioVersion = 17.2.32616.157
MinimumVisualStudioVersion = 10.0.40219.1
Project("{9A19103F-16F7-4668-BE54-9A1E7A4F7556}") = "ResilientParsing.NET", "ResilientParsing.NET\ResilientParsing.NET.csproj", "{187DD528-DC41-4068-B7A3-10EE277BB1B4}"
EndProject
Project("{FAE04EC0-301F-11D3-BF4B-00C04F79EFBC}") = "Tests.ResilientParsing.NET", "Tests.ResilientParsing.NET\Tests.ResilientParsing.NET.csproj", "{ECE50F35-B00E-491A-B9F9-95ABAA618068}"
EndProject
Global
	GlobalSection(SolutionConfigurationPlatforms) = preSolution
		Debug|Any CPU = Debug|Any CPU
		Release|Any CPU = Release|Any CPU
	EndGlobalSection
	GlobalSection(ProjectConfigurationPlatforms) = postSolution
		{187DD528-DC41-4068-B7A3-10EE277BB1B4}.Debug|Any CPU.ActiveCfg = Debug|Any CPU
		{187DD528-DC41-4068-B7A3-10EE277BB1B4}.Debug|Any CPU.Build.0 = Debug|Any CPU
		{187DD528-DC41-4068-B7A3-10EE277BB1B4}.Release|Any CPU.ActiveCfg = Release|Any CPU
		{187DD528-DC41-4068-B7A3-10EE277BB1B4}.Release|Any CPU.Build.0 = Release|Any CPU
		{ECE50F35-B00E-491A-B9F9-95ABAA618068}.Debug|Any CPU.ActiveCfg = Debug|Any CPU
		{ECE50F35-B00E-491A-B9F9-95ABAA618068}.Debug|Any CPU.Build.0 = Debug|Any CPU
		{ECE50F35-B00E-491A-B9F9-95ABAA618068}.Release|Any CPU.ActiveCfg = Release|Any CPU
		{ECE50F35-B00E-491A-B9F9-95ABAA618068}.Release|Any CPU.Build.0 = Release|Any CPU
	EndGlobalSection
	GlobalSection(SolutionProperties) = preSolution
		HideSolutionNode = FALSE
	EndGlobalSection
	GlobalSection(ExtensibilityGlobals) = postSolution
		SolutionGuid = {706B4BAA-7678-496E-A408-E2E5E54BB21A}
	EndGlobalSection
EndGlobal
